
Microsoft Visual Studio Solution File, Format Version 12.00
# Visual Studio Version 18
VisualStudioVersion = 18.4.11626.88
MinimumVisualStudioVersion = 10.0.40219.1
Project("{F184B08F-C81C-45F6-A57F-5ABD9991F28F}") = "NPC_Manager_FO4", "FO4_NPC_Manager\NPC_Manager_FO4.vbproj", "{A1B2C3D4-1111-2222-3333-444455556666}"
EndProject
Project("{F184B08F-C81C-45F6-A57F-5ABD9991F28F}") = "FO4_Base_Library", "..\FO4_Base_Library\FO4_Base_Library.vbproj", "{B2C3D4E5-2222-3333-4444-555566667777}"
EndProject
Project("{FAE04EC0-301F-11D3-BF4B-00C04F79EFBC}") = "FO4_Base_Library_CSharpHelpers", "..\FO4_Base_Library\FO4_Base_Library_CSharpHelpers\FO4_Base_Library_CSharpHelpers.csproj", "{C5A7B1E0-9D34-4E62-8F51-6B2A0D7C4E90}"
EndProject
Project("{F184B08F-C81C-45F6-A57F-5ABD9991F28F}") = "BSA_BA2_Library_DLL", "..\Ba2_Bsa_Library\BSA_BA2_Library_DLL.vbproj", "{E950BBBF-0AEE-66C2-F4C1-8572A5ED6D39}"
EndProject
Project("{FAE04EC0-301F-11D3-BF4B-00C04F79EFBC}") = "NiflySharp", "..\NiflySharp\NiflySharp\NiflySharp.csproj", "{C7353DE6-B57E-B2C9-6608-BF6DF7713F2C}"
EndProject
Project("{FAE04EC0-301F-11D3-BF4B-00C04F79EFBC}") = "MaterialLib", "..\Material-Editor-master\MaterialLib\MaterialLib.csproj", "{EE7ACBE9-F7DD-4350-8A95-E1AFE328A925}"
EndProject
Project("{8BC9CEB8-8B4A-11D0-8D11-00A0C91BC942}") = "DirectXTexWrapper", "..\..\DirectXTextWrapper\DirectXTexWrapper.vcxproj", "{77E4147F-4FAA-4402-9CDF-BD36DFB19E74}"
EndProject
Project("{F184B08F-C81C-45F6-A57F-5ABD9991F28F}") = "FO4_FaceTint_CLI", "FO4_FaceTint_CLI\FO4_FaceTint_CLI.vbproj", "{D3C64277-DC4C-4AF3-9494-FD23CB5D0A64}"
EndProject
Global
	GlobalSection(SolutionConfigurationPlatforms) = preSolution
		Debug|x64 = Debug|x64
		Debug|x86 = Debug|x86
		Debug|Any CPU = Debug|Any CPU
		Release|x64 = Release|x64
		Release|x86 = Release|x86
		Release|Any CPU = Release|Any CPU
		Publish|x64 = Publish|x64
		Publish|x86 = Publish|x86
		Publish|Any CPU = Publish|Any CPU
	EndGlobalSection
	GlobalSection(ProjectConfigurationPlatforms) = postSolution
		{A1B2C3D4-1111-2222-3333-444455556666}.Debug|x64.ActiveCfg = Debug|x64
		{A1B2C3D4-1111-2222-3333-444455556666}.Debug|x64.Build.0 = Debug|x64
		{A1B2C3D4-1111-2222-3333-444455556666}.Debug|x86.ActiveCfg = Debug|x86
		{A1B2C3D4-1111-2222-3333-444455556666}.Debug|x86.Build.0 = Debug|x86
		{A1B2C3D4-1111-2222-3333-444455556666}.Debug|Any CPU.ActiveCfg = Debug|Any CPU
		{A1B2C3D4-1111-2222-3333-444455556666}.Debug|Any CPU.Build.0 = Debug|Any CPU
		{A1B2C3D4-1111-2222-3333-444455556666}.Release|x64.ActiveCfg = Release|x64
		{A1B2C3D4-1111-2222-3333-444455556666}.Release|x64.Build.0 = Release|x64
		{A1B2C3D4-1111-2222-3333-444455556666}.Release|x86.ActiveCfg = Release|x86
		{A1B2C3D4-1111-2222-3333-444455556666}.Release|x86.Build.0 = Release|x86
		{A1B2C3D4-1111-2222-3333-444455556666}.Release|Any CPU.ActiveCfg = Release|Any CPU
		{A1B2C3D4-1111-2222-3333-444455556666}.Release|Any CPU.Build.0 = Release|Any CPU
		{B2C3D4E5-2222-3333-4444-555566667777}.Debug|x64.ActiveCfg = Debug|x64
		{B2C3D4E5-2222-3333-4444-555566667777}.Debug|x64.Build.0 = Debug|x64
		{B2C3D4E5-2222-3333-4444-555566667777}.Debug|x86.ActiveCfg = Debug|x86
		{B2C3D4E5-2222-3333-4444-555566667777}.Debug|x86.Build.0 = Debug|x86
		{B2C3D4E5-2222-3333-4444-555566667777}.Debug|Any CPU.ActiveCfg = Debug|Any CPU
		{B2C3D4E5-2222-3333-4444-555566667777}.Debug|Any CPU.Build.0 = Debug|Any CPU
		{B2C3D4E5-2222-3333-4444-555566667777}.Release|x64.ActiveCfg = Release|x64
		{B2C3D4E5-2222-3333-4444-555566667777}.Release|x64.Build.0 = Release|x64
		{B2C3D4E5-2222-3333-4444-555566667777}.Release|x86.ActiveCfg = Release|x86
		{B2C3D4E5-2222-3333-4444-555566667777}.Release|x86.Build.0 = Release|x86
		{B2C3D4E5-2222-3333-4444-555566667777}.Release|Any CPU.ActiveCfg = Release|Any CPU
		{B2C3D4E5-2222-3333-4444-555566667777}.Release|Any CPU.Build.0 = Release|Any CPU
		{E950BBBF-0AEE-66C2-F4C1-8572A5ED6D39}.Debug|x64.ActiveCfg = Debug|x64
		{E950BBBF-0AEE-66C2-F4C1-8572A5ED6D39}.Debug|x64.Build.0 = Debug|x64
		{E950BBBF-0AEE-66C2-F4C1-8572A5ED6D39}.Debug|x86.ActiveCfg = Debug|x86
		{E950BBBF-0AEE-66C2-F4C1-8572A5ED6D39}.Debug|x86.Build.0 = Debug|x86
		{E950BBBF-0AEE-66C2-F4C1-8572A5ED6D39}.Debug|Any CPU.ActiveCfg = Debug|Any CPU
		{E950BBBF-0AEE-66C2-F4C1-8572A5ED6D39}.Debug|Any CPU.Build.0 = Debug|Any CPU
		{E950BBBF-0AEE-66C2-F4C1-8572A5ED6D39}.Release|x64.ActiveCfg = Release|x64
		{E950BBBF-0AEE-66C2-F4C1-8572A5ED6D39}.Release|x64.Build.0 = Release|x64
		{E950BBBF-0AEE-66C2-F4C1-8572A5ED6D39}.Release|x86.ActiveCfg = Release|x86
		{E950BBBF-0AEE-66C2-F4C1-8572A5ED6D39}.Release|x86.Build.0 = Release|x86
		{E950BBBF-0AEE-66C2-F4C1-8572A5ED6D39}.Release|Any CPU.ActiveCfg = Release|Any CPU
		{E950BBBF-0AEE-66C2-F4C1-8572A5ED6D39}.Release|Any CPU.Build.0 = Release|Any CPU
		{C7353DE6-B57E-B2C9-6608-BF6DF7713F2C}.Debug|x64.ActiveCfg = Debug|Any CPU
		{C7353DE6-B57E-B2C9-6608-BF6DF7713F2C}.Debug|x64.Build.0 = Debug|Any CPU
		{C7353DE6-B57E-B2C9-6608-BF6DF7713F2C}.Debug|x86.ActiveCfg = Debug|Any CPU
		{C7353DE6-B57E-B2C9-6608-BF6DF7713F2C}.Debug|x86.Build.0 = Debug|Any CPU
		{C7353DE6-B57E-B2C9-6608-BF6DF7713F2C}.Debug|Any CPU.ActiveCfg = Debug|Any CPU
		{C7353DE6-B57E-B2C9-6608-BF6DF7713F2C}.Debug|Any CPU.Build.0 = Debug|Any CPU
		{C7353DE6-B57E-B2C9-6608-BF6DF7713F2C}.Release|x64.ActiveCfg = Release|Any CPU
		{C7353DE6-B57E-B2C9-6608-BF6DF7713F2C}.Release|x64.Build.0 = Release|Any CPU
		{C7353DE6-B57E-B2C9-6608-BF6DF7713F2C}.Release|x86.ActiveCfg = Release|Any CPU
		{C7353DE6-B57E-B2C9-6608-BF6DF7713F2C}.Release|x86.Build.0 = Release|Any CPU
		{C7353DE6-B57E-B2C9-6608-BF6DF7713F2C}.Release|Any CPU.ActiveCfg = Release|Any CPU
		{C7353DE6-B57E-B2C9-6608-BF6DF7713F2C}.Release|Any CPU.Build.0 = Release|Any CPU
		{EE7ACBE9-F7DD-4350-8A95-E1AFE328A925}.Debug|x64.ActiveCfg = Debug|Any CPU
		{EE7ACBE9-F7DD-4350-8A95-E1AFE328A925}.Debug|x64.Build.0 = Debug|Any CPU
		{EE7ACBE9-F7DD-4350-8A95-E1AFE328A925}.Debug|x86.ActiveCfg = Debug|Any CPU
		{EE7ACBE9-F7DD-4350-8A95-E1AFE328A925}.Debug|x86.Build.0 = Debug|Any CPU
		{EE7ACBE9-F7DD-4350-8A95-E1AFE328A925}.Debug|Any CPU.ActiveCfg = Debug|Any CPU
		{EE7ACBE9-F7DD-4350-8A95-E1AFE328A925}.Debug|Any CPU.Build.0 = Debug|Any CPU
		{EE7ACBE9-F7DD-4350-8A95-E1AFE328A925}.Release|x64.ActiveCfg = Release|Any CPU
		{EE7ACBE9-F7DD-4350-8A95-E1AFE328A925}.Release|x64.Build.0 = Release|Any CPU
		{EE7ACBE9-F7DD-4350-8A95-E1AFE328A925}.Release|x86.ActiveCfg = Release|Any CPU
		{EE7ACBE9-F7DD-4350-8A95-E1AFE328A925}.Release|x86.Build.0 = Release|Any CPU
		{EE7ACBE9-F7DD-4350-8A95-E1AFE328A925}.Release|Any CPU.ActiveCfg = Release|Any CPU
		{EE7ACBE9-F7DD-4350-8A95-E1AFE328A925}.Release|Any CPU.Build.0 = Release|Any CPU
		{77E4147F-4FAA-4402-9CDF-BD36DFB19E74}.Debug|x64.ActiveCfg = Debug|x64
		{77E4147F-4FAA-4402-9CDF-BD36DFB19E74}.Debug|x64.Build.0 = Debug|x64
		{77E4147F-4FAA-4402-9CDF-BD36DFB19E74}.Debug|x86.ActiveCfg = Debug|Win32
		{77E4147F-4FAA-4402-9CDF-BD36DFB19E74}.Debug|x86.Build.0 = Debug|Win32
		{77E4147F-4FAA-4402-9CDF-BD36DFB19E74}.Debug|Any CPU.ActiveCfg = Debug|x64
		{77E4147F-4FAA-4402-9CDF-BD36DFB19E74}.Debug|Any CPU.Build.0 = Debug|x64
		{77E4147F-4FAA-4402-9CDF-BD36DFB19E74}.Release|x64.ActiveCfg = Release|x64
		{77E4147F-4FAA-4402-9CDF-BD36DFB19E74}.Release|x64.Build.0 = Release|x64
		{77E4147F-4FAA-4402-9CDF-BD36DFB19E74}.Release|x86.ActiveCfg = Release|Win32
		{77E4147F-4FAA-4402-9CDF-BD36DFB19E74}.Release|x86.Build.0 = Release|Win32
		{77E4147F-4FAA-4402-9CDF-BD36DFB19E74}.Release|Any CPU.ActiveCfg = Release|x64
		{77E4147F-4FAA-4402-9CDF-BD36DFB19E74}.Release|Any CPU.Build.0 = Release|x64
		{D3C64277-DC4C-4AF3-9494-FD23CB5D0A64}.Debug|x64.ActiveCfg = Debug|x64
		{D3C64277-DC4C-4AF3-9494-FD23CB5D0A64}.Debug|x64.Build.0 = Debug|x64
		{D3C64277-DC4C-4AF3-9494-FD23CB5D0A64}.Debug|x86.ActiveCfg = Debug|x64
		{D3C64277-DC4C-4AF3-9494-FD23CB5D0A64}.Debug|x86.Build.0 = Debug|x64
		{D3C64277-DC4C-4AF3-9494-FD23CB5D0A64}.Debug|Any CPU.ActiveCfg = Debug|x64
		{D3C64277-DC4C-4AF3-9494-FD23CB5D0A64}.Debug|Any CPU.Build.0 = Debug|x64
		{D3C64277-DC4C-4AF3-9494-FD23CB5D0A64}.Release|x64.ActiveCfg = Release|x64
		{D3C64277-DC4C-4AF3-9494-FD23CB5D0A64}.Release|x64.Build.0 = Release|x64
		{D3C64277-DC4C-4AF3-9494-FD23CB5D0A64}.Release|x86.ActiveCfg = Release|x64
		{D3C64277-DC4C-4AF3-9494-FD23CB5D0A64}.Release|x86.Build.0 = Release|x64
		{D3C64277-DC4C-4AF3-9494-FD23CB5D0A64}.Release|Any CPU.ActiveCfg = Release|x64
		{D3C64277-DC4C-4AF3-9494-FD23CB5D0A64}.Release|Any CPU.Build.0 = Release|x64
		{A1B2C3D4-1111-2222-3333-444455556666}.Publish|x64.ActiveCfg = Publish|x64
		{A1B2C3D4-1111-2222-3333-444455556666}.Publish|x64.Build.0 = Publish|x64
		{A1B2C3D4-1111-2222-3333-444455556666}.Publish|x86.ActiveCfg = Publish|x86
		{A1B2C3D4-1111-2222-3333-444455556666}.Publish|x86.Build.0 = Publish|x86
		{A1B2C3D4-1111-2222-3333-444455556666}.Publish|Any CPU.ActiveCfg = Publish|Any CPU
		{A1B2C3D4-1111-2222-3333-444455556666}.Publish|Any CPU.Build.0 = Publish|Any CPU
		{B2C3D4E5-2222-3333-4444-555566667777}.Publish|x64.ActiveCfg = Publish|x64
		{B2C3D4E5-2222-3333-4444-555566667777}.Publish|x64.Build.0 = Publish|x64
		{B2C3D4E5-2222-3333-4444-555566667777}.Publish|x86.ActiveCfg = Publish|x86
		{B2C3D4E5-2222-3333-4444-555566667777}.Publish|x86.Build.0 = Publish|x86
		{B2C3D4E5-2222-3333-4444-555566667777}.Publish|Any CPU.ActiveCfg = Publish|Any CPU
		{B2C3D4E5-2222-3333-4444-555566667777}.Publish|Any CPU.Build.0 = Publish|Any CPU
		{E950BBBF-0AEE-66C2-F4C1-8572A5ED6D39}.Publish|x64.ActiveCfg = Publish|x64
		{E950BBBF-0AEE-66C2-F4C1-8572A5ED6D39}.Publish|x64.Build.0 = Publish|x64
		{E950BBBF-0AEE-66C2-F4C1-8572A5ED6D39}.Publish|x86.ActiveCfg = Publish|x86
		{E950BBBF-0AEE-66C2-F4C1-8572A5ED6D39}.Publish|x86.Build.0 = Publish|x86
		{E950BBBF-0AEE-66C2-F4C1-8572A5ED6D39}.Publish|Any CPU.ActiveCfg = Publish|Any CPU
		{E950BBBF-0AEE-66C2-F4C1-8572A5ED6D39}.Publish|Any CPU.Build.0 = Publish|Any CPU
		{C7353DE6-B57E-B2C9-6608-BF6DF7713F2C}.Publish|x64.ActiveCfg = Release|Any CPU
		{C7353DE6-B57E-B2C9-6608-BF6DF7713F2C}.Publish|x64.Build.0 = Release|Any CPU
		{C7353DE6-B57E-B2C9-6608-BF6DF7713F2C}.Publish|x86.ActiveCfg = Release|Any CPU
		{C7353DE6-B57E-B2C9-6608-BF6DF7713F2C}.Publish|x86.Build.0 = Release|Any CPU
		{C7353DE6-B57E-B2C9-6608-BF6DF7713F2C}.Publish|Any CPU.ActiveCfg = Release|Any CPU
		{C7353DE6-B57E-B2C9-6608-BF6DF7713F2C}.Publish|Any CPU.Build.0 = Release|Any CPU
		{EE7ACBE9-F7DD-4350-8A95-E1AFE328A925}.Publish|x64.ActiveCfg = Release|Any CPU
		{EE7ACBE9-F7DD-4350-8A95-E1AFE328A925}.Publish|x64.Build.0 = Release|Any CPU
		{EE7ACBE9-F7DD-4350-8A95-E1AFE328A925}.Publish|x86.ActiveCfg = Release|Any CPU
		{EE7ACBE9-F7DD-4350-8A95-E1AFE328A925}.Publish|x86.Build.0 = Release|Any CPU
		{EE7ACBE9-F7DD-4350-8A95-E1AFE328A925}.Publish|Any CPU.ActiveCfg = Release|Any CPU
		{EE7ACBE9-F7DD-4350-8A95-E1AFE328A925}.Publish|Any CPU.Build.0 = Release|Any CPU
		{77E4147F-4FAA-4402-9CDF-BD36DFB19E74}.Publish|x64.ActiveCfg = Release|x64
		{77E4147F-4FAA-4402-9CDF-BD36DFB19E74}.Publish|x64.Build.0 = Release|x64
		{77E4147F-4FAA-4402-9CDF-BD36DFB19E74}.Publish|x86.ActiveCfg = Release|Win32
		{77E4147F-4FAA-4402-9CDF-BD36DFB19E74}.Publish|x86.Build.0 = Release|Win32
		{77E4147F-4FAA-4402-9CDF-BD36DFB19E74}.Publish|Any CPU.ActiveCfg = Release|x64
		{77E4147F-4FAA-4402-9CDF-BD36DFB19E74}.Publish|Any CPU.Build.0 = Release|x64
		{D3C64277-DC4C-4AF3-9494-FD23CB5D0A64}.Publish|x64.ActiveCfg = Release|x64
		{D3C64277-DC4C-4AF3-9494-FD23CB5D0A64}.Publish|x64.Build.0 = Release|x64
		{D3C64277-DC4C-4AF3-9494-FD23CB5D0A64}.Publish|x86.ActiveCfg = Release|x64
		{D3C64277-DC4C-4AF3-9494-FD23CB5D0A64}.Publish|x86.Build.0 = Release|x64
		{D3C64277-DC4C-4AF3-9494-FD23CB5D0A64}.Publish|Any CPU.ActiveCfg = Release|x64
		{D3C64277-DC4C-4AF3-9494-FD23CB5D0A64}.Publish|Any CPU.Build.0 = Release|x64
		{C5A7B1E0-9D34-4E62-8F51-6B2A0D7C4E90}.Debug|x64.ActiveCfg = Debug|Any CPU
		{C5A7B1E0-9D34-4E62-8F51-6B2A0D7C4E90}.Debug|x64.Build.0 = Debug|Any CPU
		{C5A7B1E0-9D34-4E62-8F51-6B2A0D7C4E90}.Debug|x86.ActiveCfg = Debug|Any CPU
		{C5A7B1E0-9D34-4E62-8F51-6B2A0D7C4E90}.Debug|x86.Build.0 = Debug|Any CPU
		{C5A7B1E0-9D34-4E62-8F51-6B2A0D7C4E90}.Debug|Any CPU.ActiveCfg = Debug|Any CPU
		{C5A7B1E0-9D34-4E62-8F51-6B2A0D7C4E90}.Debug|Any CPU.Build.0 = Debug|Any CPU
		{C5A7B1E0-9D34-4E62-8F51-6B2A0D7C4E90}.Release|x64.ActiveCfg = Release|Any CPU
		{C5A7B1E0-9D34-4E62-8F51-6B2A0D7C4E90}.Release|x64.Build.0 = Release|Any CPU
		{C5A7B1E0-9D34-4E62-8F51-6B2A0D7C4E90}.Release|x86.ActiveCfg = Release|Any CPU
		{C5A7B1E0-9D34-4E62-8F51-6B2A0D7C4E90}.Release|x86.Build.0 = Release|Any CPU
		{C5A7B1E0-9D34-4E62-8F51-6B2A0D7C4E90}.Release|Any CPU.ActiveCfg = Release|Any CPU
		{C5A7B1E0-9D34-4E62-8F51-6B2A0D7C4E90}.Release|Any CPU.Build.0 = Release|Any CPU
		{C5A7B1E0-9D34-4E62-8F51-6B2A0D7C4E90}.Publish|x64.ActiveCfg = Publish|Any CPU
		{C5A7B1E0-9D34-4E62-8F51-6B2A0D7C4E90}.Publish|x64.Build.0 = Publish|Any CPU
		{C5A7B1E0-9D34-4E62-8F51-6B2A0D7C4E90}.Publish|x86.ActiveCfg = Publish|Any CPU
		{C5A7B1E0-9D34-4E62-8F51-6B2A0D7C4E90}.Publish|x86.Build.0 = Publish|Any CPU
		{C5A7B1E0-9D34-4E62-8F51-6B2A0D7C4E90}.Publish|Any CPU.ActiveCfg = Publish|Any CPU
		{C5A7B1E0-9D34-4E62-8F51-6B2A0D7C4E90}.Publish|Any CPU.Build.0 = Publish|Any CPU
	EndGlobalSection
	GlobalSection(SolutionProperties) = preSolution
		HideSolutionNode = FALSE
	EndGlobalSection
	GlobalSection(ExtensibilityGlobals) = postSolution
		SolutionGuid = {28341AA4-B858-4E3C-999D-B39A512070F0}
	EndGlobalSection
EndGlobal
